
Microsoft Visual Studio Solution File, Format Version 12.00
Project("{FAE04EC0-301F-11D3-BF4B-00C04F79EFBC}") = "day1_middle", "day1_middle\day1_middle.csproj", "{CDFD4148-50A4-4061-A4FB-23F506F1D435}"
EndProject
Global
	GlobalSection(SolutionConfigurationPlatforms) = preSolution
		Debug|Any CPU = Debug|Any CPU
		Release|Any CPU = Release|Any CPU
	EndGlobalSection
	GlobalSection(ProjectConfigurationPlatforms) = postSolution
		{CDFD4148-50A4-4061-A4FB-23F506F1D435}.Debug|Any CPU.ActiveCfg = Debug|Any CPU
		{CDFD4148-50A4-4061-A4FB-23F506F1D435}.Debug|Any CPU.Build.0 = Debug|Any CPU
		{CDFD4148-50A4-4061-A4FB-23F506F1D435}.Release|Any CPU.ActiveCfg = Release|Any CPU
		{CDFD4148-50A4-4061-A4FB-23F506F1D435}.Release|Any CPU.Build.0 = Release|Any CPU
	EndGlobalSection
EndGlobal
